
Microsoft Visual Studio Solution File, Format Version 12.00
# Visual Studio Version 16
VisualStudioVersion = 16.0.33328.57
MinimumVisualStudioVersion = 10.0.40219.1
Project("{8BC9CEB8-8B4A-11D0-8D11-00A0C91BC942}") = "Prak5_Task_A_ParakhinAO", "Prak5_Task_A_ParakhinAO\Prak5_Task_A_ParakhinAO.vcxproj", "{0A50E763-D94A-42E8-A23F-98BE266A9850}"
EndProject
Project("{8BC9CEB8-8B4A-11D0-8D11-00A0C91BC942}") = "Prak5_Task_B_ParakhinAO", "Prak5_Task_B_ParakhinAO\Prak5_Task_B_ParakhinAO.vcxproj", "{BF1B2677-3D18-4476-87B7-12DF2FD271EA}"
EndProject
Project("{8BC9CEB8-8B4A-11D0-8D11-00A0C91BC942}") = "Prak5_Task_C_ParakhinAO", "Prak5_Task_C_ParakhinAO\Prak5_Task_C_ParakhinAO.vcxproj", "{499BE443-34FA-4747-841D-E691141AA79C}"
EndProject
Project("{8BC9CEB8-8B4A-11D0-8D11-00A0C91BC942}") = "Prak5_Task_D_ParakhinAO", "Prak5_Task_D_ParakhinAO\Prak5_Task_D_ParakhinAO.vcxproj", "{4B571669-D48E-41C3-9749-563CBC67963E}"
EndProject
Project("{8BC9CEB8-8B4A-11D0-8D11-00A0C91BC942}") = "Prak5_Task_E_ParakhinAO", "Prak5_Task_E_ParakhinAO\Prak5_Task_E_ParakhinAO.vcxproj", "{9FF49D5E-7F9A-4C57-8F7C-6F2F86E39832}"
EndProject
Global
	GlobalSection(SolutionConfigurationPlatforms) = preSolution
		Debug|x64 = Debug|x64
		Debug|x86 = Debug|x86
		Release|x64 = Release|x64
		Release|x86 = Release|x86
	EndGlobalSection
	GlobalSection(ProjectConfigurationPlatforms) = postSolution
		{0A50E763-D94A-42E8-A23F-98BE266A9850}.Debug|x64.ActiveCfg = Debug|x64
		{0A50E763-D94A-42E8-A23F-98BE266A9850}.Debug|x64.Build.0 = Debug|x64
		{0A50E763-D94A-42E8-A23F-98BE266A9850}.Debug|x86.ActiveCfg = Debug|Win32
		{0A50E763-D94A-42E8-A23F-98BE266A9850}.Debug|x86.Build.0 = Debug|Win32
		{0A50E763-D94A-42E8-A23F-98BE266A9850}.Release|x64.ActiveCfg = Release|x64
		{0A50E763-D94A-42E8-A23F-98BE266A9850}.Release|x64.Build.0 = Release|x64
		{0A50E763-D94A-42E8-A23F-98BE266A9850}.Release|x86.ActiveCfg = Release|Win32
		{0A50E763-D94A-42E8-A23F-98BE266A9850}.Release|x86.Build.0 = Release|Win32
		{BF1B2677-3D18-4476-87B7-12DF2FD271EA}.Debug|x64.ActiveCfg = Debug|x64
		{BF1B2677-3D18-4476-87B7-12DF2FD271EA}.Debug|x64.Build.0 = Debug|x64
		{BF1B2677-3D18-4476-87B7-12DF2FD271EA}.Debug|x86.ActiveCfg = Debug|Win32
		{BF1B2677-3D18-4476-87B7-12DF2FD271EA}.Debug|x86.Build.0 = Debug|Win32
		{BF1B2677-3D18-4476-87B7-12DF2FD271EA}.Release|x64.ActiveCfg = Release|x64
		{BF1B2677-3D18-4476-87B7-12DF2FD271EA}.Release|x64.Build.0 = Release|x64
		{BF1B2677-3D18-4476-87B7-12DF2FD271EA}.Release|x86.ActiveCfg = Release|Win32
		{BF1B2677-3D18-4476-87B7-12DF2FD271EA}.Release|x86.Build.0 = Release|Win32
		{499BE443-34FA-4747-841D-E691141AA79C}.Debug|x64.ActiveCfg = Debug|x64
		{499BE443-34FA-4747-841D-E691141AA79C}.Debug|x64.Build.0 = Debug|x64
		{499BE443-34FA-4747-841D-E691141AA79C}.Debug|x86.ActiveCfg = Debug|Win32
		{499BE443-34FA-4747-841D-E691141AA79C}.Debug|x86.Build.0 = Debug|Win32
		{499BE443-34FA-4747-841D-E691141AA79C}.Release|x64.ActiveCfg = Release|x64
		{499BE443-34FA-4747-841D-E691141AA79C}.Release|x64.Build.0 = Release|x64
		{499BE443-34FA-4747-841D-E691141AA79C}.Release|x86.ActiveCfg = Release|Win32
		{499BE443-34FA-4747-841D-E691141AA79C}.Release|x86.Build.0 = Release|Win32
		{4B571669-D48E-41C3-9749-563CBC67963E}.Debug|x64.ActiveCfg = Debug|x64
		{4B571669-D48E-41C3-9749-563CBC67963E}.Debug|x64.Build.0 = Debug|x64
		{4B571669-D48E-41C3-9749-563CBC67963E}.Debug|x86.ActiveCfg = Debug|Win32
		{4B571669-D48E-41C3-9749-563CBC67963E}.Debug|x86.Build.0 = Debug|Win32
		{4B571669-D48E-41C3-9749-563CBC67963E}.Release|x64.ActiveCfg = Release|x64
		{4B571669-D48E-41C3-9749-563CBC67963E}.Release|x64.Build.0 = Release|x64
		{4B571669-D48E-41C3-9749-563CBC67963E}.Release|x86.ActiveCfg = Release|Win32
		{4B571669-D48E-41C3-9749-563CBC67963E}.Release|x86.Build.0 = Release|Win32
		{9FF49D5E-7F9A-4C57-8F7C-6F2F86E39832}.Debug|x64.ActiveCfg = Debug|x64
		{9FF49D5E-7F9A-4C57-8F7C-6F2F86E39832}.Debug|x64.Build.0 = Debug|x64
		{9FF49D5E-7F9A-4C57-8F7C-6F2F86E39832}.Debug|x86.ActiveCfg = Debug|Win32
		{9FF49D5E-7F9A-4C57-8F7C-6F2F86E39832}.Debug|x86.Build.0 = Debug|Win32
		{9FF49D5E-7F9A-4C57-8F7C-6F2F86E39832}.Release|x64.ActiveCfg = Release|x64
		{9FF49D5E-7F9A-4C57-8F7C-6F2F86E39832}.Release|x64.Build.0 = Release|x64
		{9FF49D5E-7F9A-4C57-8F7C-6F2F86E39832}.Release|x86.ActiveCfg = Release|Win32
		{9FF49D5E-7F9A-4C57-8F7C-6F2F86E39832}.Release|x86.Build.0 = Release|Win32
	EndGlobalSection
	GlobalSection(SolutionProperties) = preSolution
		HideSolutionNode = FALSE
	EndGlobalSection
	GlobalSection(ExtensibilityGlobals) = postSolution
		SolutionGuid = {592B9D49-3CB6-47D3-A3E9-9F67234E63DF}
	EndGlobalSection
EndGlobal
